
Microsoft Visual Studio Solution File, Format Version 12.00
# Visual Studio 2013
VisualStudioVersion = 12.0.21005.1
MinimumVisualStudioVersion = 10.0.40219.1
Project("{FAE04EC0-301F-11D3-BF4B-00C04F79EFBC}") = "BIMS", "BIMS\BIMS.csproj", "{72E96422-EF11-4FD5-9888-FB4EE7087372}"
EndProject
Project("{FAE04EC0-301F-11D3-BF4B-00C04F79EFBC}") = "EditorOfBIMS", "EditorOfBIMS\EditorOfBIMS.csproj", "{73B9EB0C-9011-4CC7-8A77-9E42969DEC28}"
EndProject
Project("{FAE04EC0-301F-11D3-BF4B-00C04F79EFBC}") = "Tools", "Tools\Tools.csproj", "{D7026DAD-3AA0-4EDC-83E0-85787F07F27E}"
EndProject
Project("{FAE04EC0-301F-11D3-BF4B-00C04F79EFBC}") = "Service", "Service\Service.csproj", "{245CCB94-2921-4CB8-9D35-2588BD4CACEC}"
EndProject
Global
	GlobalSection(SolutionConfigurationPlatforms) = preSolution
		Debug|Any CPU = Debug|Any CPU
		DebugTest|Any CPU = DebugTest|Any CPU
		Release|Any CPU = Release|Any CPU
		WebDebugTest|Any CPU = WebDebugTest|Any CPU
	EndGlobalSection
	GlobalSection(ProjectConfigurationPlatforms) = postSolution
		{72E96422-EF11-4FD5-9888-FB4EE7087372}.Debug|Any CPU.ActiveCfg = Debug|Any CPU
		{72E96422-EF11-4FD5-9888-FB4EE7087372}.Debug|Any CPU.Build.0 = Debug|Any CPU
		{72E96422-EF11-4FD5-9888-FB4EE7087372}.DebugTest|Any CPU.ActiveCfg = Debug|Any CPU
		{72E96422-EF11-4FD5-9888-FB4EE7087372}.DebugTest|Any CPU.Build.0 = Debug|Any CPU
		{72E96422-EF11-4FD5-9888-FB4EE7087372}.Release|Any CPU.ActiveCfg = Release|Any CPU
		{72E96422-EF11-4FD5-9888-FB4EE7087372}.Release|Any CPU.Build.0 = Release|Any CPU
		{72E96422-EF11-4FD5-9888-FB4EE7087372}.WebDebugTest|Any CPU.ActiveCfg = Debug|Any CPU
		{72E96422-EF11-4FD5-9888-FB4EE7087372}.WebDebugTest|Any CPU.Build.0 = Debug|Any CPU
		{73B9EB0C-9011-4CC7-8A77-9E42969DEC28}.Debug|Any CPU.ActiveCfg = Debug|Any CPU
		{73B9EB0C-9011-4CC7-8A77-9E42969DEC28}.Debug|Any CPU.Build.0 = Debug|Any CPU
		{73B9EB0C-9011-4CC7-8A77-9E42969DEC28}.DebugTest|Any CPU.ActiveCfg = Debug|Any CPU
		{73B9EB0C-9011-4CC7-8A77-9E42969DEC28}.DebugTest|Any CPU.Build.0 = Debug|Any CPU
		{73B9EB0C-9011-4CC7-8A77-9E42969DEC28}.Release|Any CPU.ActiveCfg = Release|Any CPU
		{73B9EB0C-9011-4CC7-8A77-9E42969DEC28}.Release|Any CPU.Build.0 = Release|Any CPU
		{73B9EB0C-9011-4CC7-8A77-9E42969DEC28}.WebDebugTest|Any CPU.ActiveCfg = Debug|Any CPU
		{73B9EB0C-9011-4CC7-8A77-9E42969DEC28}.WebDebugTest|Any CPU.Build.0 = Debug|Any CPU
		{D7026DAD-3AA0-4EDC-83E0-85787F07F27E}.Debug|Any CPU.ActiveCfg = Debug|Any CPU
		{D7026DAD-3AA0-4EDC-83E0-85787F07F27E}.Debug|Any CPU.Build.0 = Debug|Any CPU
		{D7026DAD-3AA0-4EDC-83E0-85787F07F27E}.DebugTest|Any CPU.ActiveCfg = Debug|Any CPU
		{D7026DAD-3AA0-4EDC-83E0-85787F07F27E}.DebugTest|Any CPU.Build.0 = Debug|Any CPU
		{D7026DAD-3AA0-4EDC-83E0-85787F07F27E}.Release|Any CPU.ActiveCfg = Release|Any CPU
		{D7026DAD-3AA0-4EDC-83E0-85787F07F27E}.Release|Any CPU.Build.0 = Release|Any CPU
		{D7026DAD-3AA0-4EDC-83E0-85787F07F27E}.WebDebugTest|Any CPU.ActiveCfg = Debug|Any CPU
		{D7026DAD-3AA0-4EDC-83E0-85787F07F27E}.WebDebugTest|Any CPU.Build.0 = Debug|Any CPU
		{245CCB94-2921-4CB8-9D35-2588BD4CACEC}.Debug|Any CPU.ActiveCfg = Debug|Any CPU
		{245CCB94-2921-4CB8-9D35-2588BD4CACEC}.Debug|Any CPU.Build.0 = Debug|Any CPU
		{245CCB94-2921-4CB8-9D35-2588BD4CACEC}.DebugTest|Any CPU.ActiveCfg = Debug|Any CPU
		{245CCB94-2921-4CB8-9D35-2588BD4CACEC}.DebugTest|Any CPU.Build.0 = Debug|Any CPU
		{245CCB94-2921-4CB8-9D35-2588BD4CACEC}.Release|Any CPU.ActiveCfg = Release|Any CPU
		{245CCB94-2921-4CB8-9D35-2588BD4CACEC}.Release|Any CPU.Build.0 = Release|Any CPU
		{245CCB94-2921-4CB8-9D35-2588BD4CACEC}.WebDebugTest|Any CPU.ActiveCfg = Debug|Any CPU
		{245CCB94-2921-4CB8-9D35-2588BD4CACEC}.WebDebugTest|Any CPU.Build.0 = Debug|Any CPU
	EndGlobalSection
	GlobalSection(SolutionProperties) = preSolution
		HideSolutionNode = FALSE
	EndGlobalSection
EndGlobal
