
Microsoft Visual Studio Solution File, Format Version 12.00
# Visual Studio 2013
VisualStudioVersion = 12.0.21005.1
MinimumVisualStudioVersion = 10.0.40219.1
Project("{FAE04EC0-301F-11D3-BF4B-00C04F79EFBC}") = "BIMS", "BIMS\BIMS.csproj", "{72E96422-EF11-4FD5-9888-FB4EE7087372}"
EndProject
Project("{FAE04EC0-301F-11D3-BF4B-00C04F79EFBC}") = "EditorOfBIMS", "EditorOfBIMS\EditorOfBIMS.csproj", "{73B9EB0C-9011-4CC7-8A77-9E42969DEC28}"
EndProject
Global
	GlobalSection(SolutionConfigurationPlatforms) = preSolution
		Debug|Any CPU = Debug|Any CPU
		Release|Any CPU = Release|Any CPU
	EndGlobalSection
	GlobalSection(ProjectConfigurationPlatforms) = postSolution
		{72E96422-EF11-4FD5-9888-FB4EE7087372}.Debug|Any CPU.ActiveCfg = Debug|Any CPU
		{72E96422-EF11-4FD5-9888-FB4EE7087372}.Debug|Any CPU.Build.0 = Debug|Any CPU
		{72E96422-EF11-4FD5-9888-FB4EE7087372}.Release|Any CPU.ActiveCfg = Release|Any CPU
		{72E96422-EF11-4FD5-9888-FB4EE7087372}.Release|Any CPU.Build.0 = Release|Any CPU
		{73B9EB0C-9011-4CC7-8A77-9E42969DEC28}.Debug|Any CPU.ActiveCfg = Debug|Any CPU
		{73B9EB0C-9011-4CC7-8A77-9E42969DEC28}.Debug|Any CPU.Build.0 = Debug|Any CPU
		{73B9EB0C-9011-4CC7-8A77-9E42969DEC28}.Release|Any CPU.ActiveCfg = Release|Any CPU
		{73B9EB0C-9011-4CC7-8A77-9E42969DEC28}.Release|Any CPU.Build.0 = Release|Any CPU
	EndGlobalSection
	GlobalSection(SolutionProperties) = preSolution
		HideSolutionNode = FALSE
	EndGlobalSection
EndGlobal
